
Microsoft Visual Studio Solution File, Format Version 12.00
# Visual Studio 14
VisualStudioVersion = 14.0.23107.0
MinimumVisualStudioVersion = 10.0.40219.1
Project("{FAE04EC0-301F-11D3-BF4B-00C04F79EFBC}") = "VRoomJs2", "VRoomJs2\VRoomJs2.csproj", "{CECA196E-EB06-403E-8044-F760EB65C8E5}"
EndProject
Project("{2150E333-8FDC-42A3-9474-1A3956D46DE8}") = "NET20", "NET20", "{11581DCC-C1BA-48E6-A63E-538CE3602622}"
EndProject
Project("{FAE04EC0-301F-11D3-BF4B-00C04F79EFBC}") = "VRoomJsTest2", "VRoomJsTest2\VRoomJsTest2.csproj", "{BE84098D-E874-4AF7-9A2E-0A02D9ECA1A1}"
EndProject
Project("{FAE04EC0-301F-11D3-BF4B-00C04F79EFBC}") = "VRoom.Test2", "VRoom.Test2\VRoom.Test2.csproj", "{E3AEA724-CC01-4E12-90D1-C0337276F728}"
EndProject
Project("{FAE04EC0-301F-11D3-BF4B-00C04F79EFBC}") = "SandBox2", "SandBox2\SandBox2.csproj", "{B5F32114-DD97-4E99-8F65-4274AE49365C}"
EndProject
Project("{FAE04EC0-301F-11D3-BF4B-00C04F79EFBC}") = "VRoomJs.Core", "VRoomJs.Core\VRoomJs.Core.csproj", "{18CE5F1B-9745-45A8-B2BF-E69F0F380E7A}"
EndProject
Project("{FAE04EC0-301F-11D3-BF4B-00C04F79EFBC}") = "VRoomJsBrezzaTest", "VRoomJsBrezzaTest\VRoomJsBrezzaTest.csproj", "{9A9DA6A6-E1F3-4084-B84A-FF43699B084A}"
EndProject
Global
	GlobalSection(SolutionConfigurationPlatforms) = preSolution
		Debug NET35|Any CPU = Debug NET35|Any CPU
		Debug NET35|Mixed Platforms = Debug NET35|Mixed Platforms
		Debug NET35|Win32 = Debug NET35|Win32
		Debug NET35|x86 = Debug NET35|x86
		Debug|Any CPU = Debug|Any CPU
		Debug|Mixed Platforms = Debug|Mixed Platforms
		Debug|Win32 = Debug|Win32
		Debug|x86 = Debug|x86
		Release NET35|Any CPU = Release NET35|Any CPU
		Release NET35|Mixed Platforms = Release NET35|Mixed Platforms
		Release NET35|Win32 = Release NET35|Win32
		Release NET35|x86 = Release NET35|x86
		Release|Any CPU = Release|Any CPU
		Release|Mixed Platforms = Release|Mixed Platforms
		Release|Win32 = Release|Win32
		Release|x86 = Release|x86
	EndGlobalSection
	GlobalSection(ProjectConfigurationPlatforms) = postSolution
		{CECA196E-EB06-403E-8044-F760EB65C8E5}.Debug NET35|Any CPU.ActiveCfg = Debug|x86
		{CECA196E-EB06-403E-8044-F760EB65C8E5}.Debug NET35|Mixed Platforms.ActiveCfg = Debug|x86
		{CECA196E-EB06-403E-8044-F760EB65C8E5}.Debug NET35|Mixed Platforms.Build.0 = Debug|x86
		{CECA196E-EB06-403E-8044-F760EB65C8E5}.Debug NET35|Win32.ActiveCfg = Debug|x86
		{CECA196E-EB06-403E-8044-F760EB65C8E5}.Debug NET35|x86.ActiveCfg = Debug|x86
		{CECA196E-EB06-403E-8044-F760EB65C8E5}.Debug NET35|x86.Build.0 = Debug|x86
		{CECA196E-EB06-403E-8044-F760EB65C8E5}.Debug|Any CPU.ActiveCfg = Debug|x86
		{CECA196E-EB06-403E-8044-F760EB65C8E5}.Debug|Mixed Platforms.ActiveCfg = Debug|x86
		{CECA196E-EB06-403E-8044-F760EB65C8E5}.Debug|Mixed Platforms.Build.0 = Debug|x86
		{CECA196E-EB06-403E-8044-F760EB65C8E5}.Debug|Win32.ActiveCfg = Debug|x86
		{CECA196E-EB06-403E-8044-F760EB65C8E5}.Debug|x86.ActiveCfg = Debug|x86
		{CECA196E-EB06-403E-8044-F760EB65C8E5}.Debug|x86.Build.0 = Debug|x86
		{CECA196E-EB06-403E-8044-F760EB65C8E5}.Release NET35|Any CPU.ActiveCfg = Release|x86
		{CECA196E-EB06-403E-8044-F760EB65C8E5}.Release NET35|Mixed Platforms.ActiveCfg = Release|x86
		{CECA196E-EB06-403E-8044-F760EB65C8E5}.Release NET35|Mixed Platforms.Build.0 = Release|x86
		{CECA196E-EB06-403E-8044-F760EB65C8E5}.Release NET35|Win32.ActiveCfg = Release|x86
		{CECA196E-EB06-403E-8044-F760EB65C8E5}.Release NET35|x86.ActiveCfg = Release|x86
		{CECA196E-EB06-403E-8044-F760EB65C8E5}.Release NET35|x86.Build.0 = Release|x86
		{CECA196E-EB06-403E-8044-F760EB65C8E5}.Release|Any CPU.ActiveCfg = Release|x86
		{CECA196E-EB06-403E-8044-F760EB65C8E5}.Release|Mixed Platforms.ActiveCfg = Release|x86
		{CECA196E-EB06-403E-8044-F760EB65C8E5}.Release|Mixed Platforms.Build.0 = Release|x86
		{CECA196E-EB06-403E-8044-F760EB65C8E5}.Release|Win32.ActiveCfg = Release|x86
		{CECA196E-EB06-403E-8044-F760EB65C8E5}.Release|x86.ActiveCfg = Release|x86
		{CECA196E-EB06-403E-8044-F760EB65C8E5}.Release|x86.Build.0 = Release|x86
		{BE84098D-E874-4AF7-9A2E-0A02D9ECA1A1}.Debug NET35|Any CPU.ActiveCfg = Debug|x86
		{BE84098D-E874-4AF7-9A2E-0A02D9ECA1A1}.Debug NET35|Mixed Platforms.ActiveCfg = Debug|x86
		{BE84098D-E874-4AF7-9A2E-0A02D9ECA1A1}.Debug NET35|Mixed Platforms.Build.0 = Debug|x86
		{BE84098D-E874-4AF7-9A2E-0A02D9ECA1A1}.Debug NET35|Win32.ActiveCfg = Debug|x86
		{BE84098D-E874-4AF7-9A2E-0A02D9ECA1A1}.Debug NET35|x86.ActiveCfg = Debug|x86
		{BE84098D-E874-4AF7-9A2E-0A02D9ECA1A1}.Debug NET35|x86.Build.0 = Debug|x86
		{BE84098D-E874-4AF7-9A2E-0A02D9ECA1A1}.Debug|Any CPU.ActiveCfg = Debug|x86
		{BE84098D-E874-4AF7-9A2E-0A02D9ECA1A1}.Debug|Mixed Platforms.ActiveCfg = Debug|x86
		{BE84098D-E874-4AF7-9A2E-0A02D9ECA1A1}.Debug|Mixed Platforms.Build.0 = Debug|x86
		{BE84098D-E874-4AF7-9A2E-0A02D9ECA1A1}.Debug|Win32.ActiveCfg = Debug|x86
		{BE84098D-E874-4AF7-9A2E-0A02D9ECA1A1}.Debug|x86.ActiveCfg = Debug|x86
		{BE84098D-E874-4AF7-9A2E-0A02D9ECA1A1}.Debug|x86.Build.0 = Debug|x86
		{BE84098D-E874-4AF7-9A2E-0A02D9ECA1A1}.Release NET35|Any CPU.ActiveCfg = Release|x86
		{BE84098D-E874-4AF7-9A2E-0A02D9ECA1A1}.Release NET35|Mixed Platforms.ActiveCfg = Release|x86
		{BE84098D-E874-4AF7-9A2E-0A02D9ECA1A1}.Release NET35|Mixed Platforms.Build.0 = Release|x86
		{BE84098D-E874-4AF7-9A2E-0A02D9ECA1A1}.Release NET35|Win32.ActiveCfg = Release|x86
		{BE84098D-E874-4AF7-9A2E-0A02D9ECA1A1}.Release NET35|x86.ActiveCfg = Release|x86
		{BE84098D-E874-4AF7-9A2E-0A02D9ECA1A1}.Release NET35|x86.Build.0 = Release|x86
		{BE84098D-E874-4AF7-9A2E-0A02D9ECA1A1}.Release|Any CPU.ActiveCfg = Release|x86
		{BE84098D-E874-4AF7-9A2E-0A02D9ECA1A1}.Release|Mixed Platforms.ActiveCfg = Release|x86
		{BE84098D-E874-4AF7-9A2E-0A02D9ECA1A1}.Release|Mixed Platforms.Build.0 = Release|x86
		{BE84098D-E874-4AF7-9A2E-0A02D9ECA1A1}.Release|Win32.ActiveCfg = Release|x86
		{BE84098D-E874-4AF7-9A2E-0A02D9ECA1A1}.Release|x86.ActiveCfg = Release|x86
		{BE84098D-E874-4AF7-9A2E-0A02D9ECA1A1}.Release|x86.Build.0 = Release|x86
		{E3AEA724-CC01-4E12-90D1-C0337276F728}.Debug NET35|Any CPU.ActiveCfg = Debug|x86
		{E3AEA724-CC01-4E12-90D1-C0337276F728}.Debug NET35|Mixed Platforms.ActiveCfg = Debug|x86
		{E3AEA724-CC01-4E12-90D1-C0337276F728}.Debug NET35|Mixed Platforms.Build.0 = Debug|x86
		{E3AEA724-CC01-4E12-90D1-C0337276F728}.Debug NET35|Win32.ActiveCfg = Debug|x86
		{E3AEA724-CC01-4E12-90D1-C0337276F728}.Debug NET35|x86.ActiveCfg = Debug|x86
		{E3AEA724-CC01-4E12-90D1-C0337276F728}.Debug NET35|x86.Build.0 = Debug|x86
		{E3AEA724-CC01-4E12-90D1-C0337276F728}.Debug|Any CPU.ActiveCfg = Debug|x86
		{E3AEA724-CC01-4E12-90D1-C0337276F728}.Debug|Mixed Platforms.ActiveCfg = Debug|x86
		{E3AEA724-CC01-4E12-90D1-C0337276F728}.Debug|Mixed Platforms.Build.0 = Debug|x86
		{E3AEA724-CC01-4E12-90D1-C0337276F728}.Debug|Win32.ActiveCfg = Debug|x86
		{E3AEA724-CC01-4E12-90D1-C0337276F728}.Debug|x86.ActiveCfg = Debug|x86
		{E3AEA724-CC01-4E12-90D1-C0337276F728}.Debug|x86.Build.0 = Debug|x86
		{E3AEA724-CC01-4E12-90D1-C0337276F728}.Release NET35|Any CPU.ActiveCfg = Release|x86
		{E3AEA724-CC01-4E12-90D1-C0337276F728}.Release NET35|Mixed Platforms.ActiveCfg = Release|x86
		{E3AEA724-CC01-4E12-90D1-C0337276F728}.Release NET35|Mixed Platforms.Build.0 = Release|x86
		{E3AEA724-CC01-4E12-90D1-C0337276F728}.Release NET35|Win32.ActiveCfg = Release|x86
		{E3AEA724-CC01-4E12-90D1-C0337276F728}.Release NET35|x86.ActiveCfg = Release|x86
		{E3AEA724-CC01-4E12-90D1-C0337276F728}.Release NET35|x86.Build.0 = Release|x86
		{E3AEA724-CC01-4E12-90D1-C0337276F728}.Release|Any CPU.ActiveCfg = Release|x86
		{E3AEA724-CC01-4E12-90D1-C0337276F728}.Release|Mixed Platforms.ActiveCfg = Release|x86
		{E3AEA724-CC01-4E12-90D1-C0337276F728}.Release|Mixed Platforms.Build.0 = Release|x86
		{E3AEA724-CC01-4E12-90D1-C0337276F728}.Release|Win32.ActiveCfg = Release|x86
		{E3AEA724-CC01-4E12-90D1-C0337276F728}.Release|x86.ActiveCfg = Release|x86
		{E3AEA724-CC01-4E12-90D1-C0337276F728}.Release|x86.Build.0 = Release|x86
		{B5F32114-DD97-4E99-8F65-4274AE49365C}.Debug NET35|Any CPU.ActiveCfg = Debug|x86
		{B5F32114-DD97-4E99-8F65-4274AE49365C}.Debug NET35|Mixed Platforms.ActiveCfg = Debug|x86
		{B5F32114-DD97-4E99-8F65-4274AE49365C}.Debug NET35|Mixed Platforms.Build.0 = Debug|x86
		{B5F32114-DD97-4E99-8F65-4274AE49365C}.Debug NET35|Win32.ActiveCfg = Debug|x86
		{B5F32114-DD97-4E99-8F65-4274AE49365C}.Debug NET35|x86.ActiveCfg = Debug|x86
		{B5F32114-DD97-4E99-8F65-4274AE49365C}.Debug NET35|x86.Build.0 = Debug|x86
		{B5F32114-DD97-4E99-8F65-4274AE49365C}.Debug|Any CPU.ActiveCfg = Debug|x86
		{B5F32114-DD97-4E99-8F65-4274AE49365C}.Debug|Mixed Platforms.ActiveCfg = Debug|x86
		{B5F32114-DD97-4E99-8F65-4274AE49365C}.Debug|Mixed Platforms.Build.0 = Debug|x86
		{B5F32114-DD97-4E99-8F65-4274AE49365C}.Debug|Win32.ActiveCfg = Debug|x86
		{B5F32114-DD97-4E99-8F65-4274AE49365C}.Debug|x86.ActiveCfg = Debug|x86
		{B5F32114-DD97-4E99-8F65-4274AE49365C}.Debug|x86.Build.0 = Debug|x86
		{B5F32114-DD97-4E99-8F65-4274AE49365C}.Release NET35|Any CPU.ActiveCfg = Release|x86
		{B5F32114-DD97-4E99-8F65-4274AE49365C}.Release NET35|Mixed Platforms.ActiveCfg = Release|x86
		{B5F32114-DD97-4E99-8F65-4274AE49365C}.Release NET35|Mixed Platforms.Build.0 = Release|x86
		{B5F32114-DD97-4E99-8F65-4274AE49365C}.Release NET35|Win32.ActiveCfg = Release|x86
		{B5F32114-DD97-4E99-8F65-4274AE49365C}.Release NET35|x86.ActiveCfg = Release|x86
		{B5F32114-DD97-4E99-8F65-4274AE49365C}.Release NET35|x86.Build.0 = Release|x86
		{B5F32114-DD97-4E99-8F65-4274AE49365C}.Release|Any CPU.ActiveCfg = Release|x86
		{B5F32114-DD97-4E99-8F65-4274AE49365C}.Release|Mixed Platforms.ActiveCfg = Release|x86
		{B5F32114-DD97-4E99-8F65-4274AE49365C}.Release|Mixed Platforms.Build.0 = Release|x86
		{B5F32114-DD97-4E99-8F65-4274AE49365C}.Release|Win32.ActiveCfg = Release|x86
		{B5F32114-DD97-4E99-8F65-4274AE49365C}.Release|x86.ActiveCfg = Release|x86
		{B5F32114-DD97-4E99-8F65-4274AE49365C}.Release|x86.Build.0 = Release|x86
		{18CE5F1B-9745-45A8-B2BF-E69F0F380E7A}.Debug NET35|Any CPU.ActiveCfg = Debug|Any CPU
		{18CE5F1B-9745-45A8-B2BF-E69F0F380E7A}.Debug NET35|Any CPU.Build.0 = Debug|Any CPU
		{18CE5F1B-9745-45A8-B2BF-E69F0F380E7A}.Debug NET35|Mixed Platforms.ActiveCfg = Debug|Any CPU
		{18CE5F1B-9745-45A8-B2BF-E69F0F380E7A}.Debug NET35|Mixed Platforms.Build.0 = Debug|Any CPU
		{18CE5F1B-9745-45A8-B2BF-E69F0F380E7A}.Debug NET35|Win32.ActiveCfg = Debug|Any CPU
		{18CE5F1B-9745-45A8-B2BF-E69F0F380E7A}.Debug NET35|x86.ActiveCfg = Debug|Any CPU
		{18CE5F1B-9745-45A8-B2BF-E69F0F380E7A}.Debug|Any CPU.ActiveCfg = Debug|Any CPU
		{18CE5F1B-9745-45A8-B2BF-E69F0F380E7A}.Debug|Any CPU.Build.0 = Debug|Any CPU
		{18CE5F1B-9745-45A8-B2BF-E69F0F380E7A}.Debug|Mixed Platforms.ActiveCfg = Debug|Any CPU
		{18CE5F1B-9745-45A8-B2BF-E69F0F380E7A}.Debug|Mixed Platforms.Build.0 = Debug|Any CPU
		{18CE5F1B-9745-45A8-B2BF-E69F0F380E7A}.Debug|Win32.ActiveCfg = Debug|Any CPU
		{18CE5F1B-9745-45A8-B2BF-E69F0F380E7A}.Debug|x86.ActiveCfg = Debug|Any CPU
		{18CE5F1B-9745-45A8-B2BF-E69F0F380E7A}.Release NET35|Any CPU.ActiveCfg = Release|Any CPU
		{18CE5F1B-9745-45A8-B2BF-E69F0F380E7A}.Release NET35|Any CPU.Build.0 = Release|Any CPU
		{18CE5F1B-9745-45A8-B2BF-E69F0F380E7A}.Release NET35|Mixed Platforms.ActiveCfg = Release|Any CPU
		{18CE5F1B-9745-45A8-B2BF-E69F0F380E7A}.Release NET35|Mixed Platforms.Build.0 = Release|Any CPU
		{18CE5F1B-9745-45A8-B2BF-E69F0F380E7A}.Release NET35|Win32.ActiveCfg = Release|Any CPU
		{18CE5F1B-9745-45A8-B2BF-E69F0F380E7A}.Release NET35|x86.ActiveCfg = Release|Any CPU
		{18CE5F1B-9745-45A8-B2BF-E69F0F380E7A}.Release|Any CPU.ActiveCfg = Release|Any CPU
		{18CE5F1B-9745-45A8-B2BF-E69F0F380E7A}.Release|Any CPU.Build.0 = Release|Any CPU
		{18CE5F1B-9745-45A8-B2BF-E69F0F380E7A}.Release|Mixed Platforms.ActiveCfg = Release|Any CPU
		{18CE5F1B-9745-45A8-B2BF-E69F0F380E7A}.Release|Mixed Platforms.Build.0 = Release|Any CPU
		{18CE5F1B-9745-45A8-B2BF-E69F0F380E7A}.Release|Win32.ActiveCfg = Release|Any CPU
		{18CE5F1B-9745-45A8-B2BF-E69F0F380E7A}.Release|x86.ActiveCfg = Release|Any CPU
		{9A9DA6A6-E1F3-4084-B84A-FF43699B084A}.Debug NET35|Any CPU.ActiveCfg = Debug|Any CPU
		{9A9DA6A6-E1F3-4084-B84A-FF43699B084A}.Debug NET35|Any CPU.Build.0 = Debug|Any CPU
		{9A9DA6A6-E1F3-4084-B84A-FF43699B084A}.Debug NET35|Mixed Platforms.ActiveCfg = Debug|Any CPU
		{9A9DA6A6-E1F3-4084-B84A-FF43699B084A}.Debug NET35|Mixed Platforms.Build.0 = Debug|Any CPU
		{9A9DA6A6-E1F3-4084-B84A-FF43699B084A}.Debug NET35|Win32.ActiveCfg = Debug|Any CPU
		{9A9DA6A6-E1F3-4084-B84A-FF43699B084A}.Debug NET35|Win32.Build.0 = Debug|Any CPU
		{9A9DA6A6-E1F3-4084-B84A-FF43699B084A}.Debug NET35|x86.ActiveCfg = Debug|Any CPU
		{9A9DA6A6-E1F3-4084-B84A-FF43699B084A}.Debug NET35|x86.Build.0 = Debug|Any CPU
		{9A9DA6A6-E1F3-4084-B84A-FF43699B084A}.Debug|Any CPU.ActiveCfg = Debug|Any CPU
		{9A9DA6A6-E1F3-4084-B84A-FF43699B084A}.Debug|Any CPU.Build.0 = Debug|Any CPU
		{9A9DA6A6-E1F3-4084-B84A-FF43699B084A}.Debug|Mixed Platforms.ActiveCfg = Debug|Any CPU
		{9A9DA6A6-E1F3-4084-B84A-FF43699B084A}.Debug|Mixed Platforms.Build.0 = Debug|Any CPU
		{9A9DA6A6-E1F3-4084-B84A-FF43699B084A}.Debug|Win32.ActiveCfg = Debug|Any CPU
		{9A9DA6A6-E1F3-4084-B84A-FF43699B084A}.Debug|Win32.Build.0 = Debug|Any CPU
		{9A9DA6A6-E1F3-4084-B84A-FF43699B084A}.Debug|x86.ActiveCfg = Debug|Any CPU
		{9A9DA6A6-E1F3-4084-B84A-FF43699B084A}.Debug|x86.Build.0 = Debug|Any CPU
		{9A9DA6A6-E1F3-4084-B84A-FF43699B084A}.Release NET35|Any CPU.ActiveCfg = Release|Any CPU
		{9A9DA6A6-E1F3-4084-B84A-FF43699B084A}.Release NET35|Any CPU.Build.0 = Release|Any CPU
		{9A9DA6A6-E1F3-4084-B84A-FF43699B084A}.Release NET35|Mixed Platforms.ActiveCfg = Release|Any CPU
		{9A9DA6A6-E1F3-4084-B84A-FF43699B084A}.Release NET35|Mixed Platforms.Build.0 = Release|Any CPU
		{9A9DA6A6-E1F3-4084-B84A-FF43699B084A}.Release NET35|Win32.ActiveCfg = Release|Any CPU
		{9A9DA6A6-E1F3-4084-B84A-FF43699B084A}.Release NET35|Win32.Build.0 = Release|Any CPU
		{9A9DA6A6-E1F3-4084-B84A-FF43699B084A}.Release NET35|x86.ActiveCfg = Release|Any CPU
		{9A9DA6A6-E1F3-4084-B84A-FF43699B084A}.Release NET35|x86.Build.0 = Release|Any CPU
		{9A9DA6A6-E1F3-4084-B84A-FF43699B084A}.Release|Any CPU.ActiveCfg = Release|Any CPU
		{9A9DA6A6-E1F3-4084-B84A-FF43699B084A}.Release|Any CPU.Build.0 = Release|Any CPU
		{9A9DA6A6-E1F3-4084-B84A-FF43699B084A}.Release|Mixed Platforms.ActiveCfg = Release|Any CPU
		{9A9DA6A6-E1F3-4084-B84A-FF43699B084A}.Release|Mixed Platforms.Build.0 = Release|Any CPU
		{9A9DA6A6-E1F3-4084-B84A-FF43699B084A}.Release|Win32.ActiveCfg = Release|Any CPU
		{9A9DA6A6-E1F3-4084-B84A-FF43699B084A}.Release|Win32.Build.0 = Release|Any CPU
		{9A9DA6A6-E1F3-4084-B84A-FF43699B084A}.Release|x86.ActiveCfg = Release|Any CPU
		{9A9DA6A6-E1F3-4084-B84A-FF43699B084A}.Release|x86.Build.0 = Release|Any CPU
	EndGlobalSection
	GlobalSection(SolutionProperties) = preSolution
		HideSolutionNode = FALSE
	EndGlobalSection
	GlobalSection(NestedProjects) = preSolution
		{CECA196E-EB06-403E-8044-F760EB65C8E5} = {11581DCC-C1BA-48E6-A63E-538CE3602622}
		{BE84098D-E874-4AF7-9A2E-0A02D9ECA1A1} = {11581DCC-C1BA-48E6-A63E-538CE3602622}
		{E3AEA724-CC01-4E12-90D1-C0337276F728} = {11581DCC-C1BA-48E6-A63E-538CE3602622}
		{B5F32114-DD97-4E99-8F65-4274AE49365C} = {11581DCC-C1BA-48E6-A63E-538CE3602622}
		{18CE5F1B-9745-45A8-B2BF-E69F0F380E7A} = {11581DCC-C1BA-48E6-A63E-538CE3602622}
		{9A9DA6A6-E1F3-4084-B84A-FF43699B084A} = {11581DCC-C1BA-48E6-A63E-538CE3602622}
	EndGlobalSection
	GlobalSection(MonoDevelopProperties) = preSolution
		StartupItem = VroomJs\VroomJs.csproj
		Policies = $0
		$0.DotNetNamingPolicy = $1
		$1.DirectoryNamespaceAssociation = None
		$1.ResourceNamePolicy = FileFormatDefault
		$0.TextStylePolicy = $34
		$2.inheritsSet = VisualStudio
		$2.inheritsScope = text/plain
		$2.scope = text/plain
		$0.StandardHeader = $3
		$3.Text = @This file is part of the VroomJs library.\n \nAuthor:\n    ${AuthorName} <${AuthorEmail}>\n\nCopyright (c) ${Year} ${CopyrightHolder}\n\nPermission is hereby granted, free of charge, to any person obtaining a copy\nof this software and associated documentation files (the "Software"), to deal\nin the Software without restriction, including without limitation the rights\nto use, copy, modify, merge, publish, distribute, sublicense, and/or sell\ncopies of the Software, and to permit persons to whom the Software is\nfurnished to do so, subject to the following conditions:\n\nThe above copyright notice and this permission notice shall be included in\nall copies or substantial portions of the Software.\n\nTHE SOFTWARE IS PROVIDED "AS IS", WITHOUT WARRANTY OF ANY KIND, EXPRESS OR\nIMPLIED, INCLUDING BUT NOT LIMITED TO THE WARRANTIES OF MERCHANTABILITY,\nFITNESS FOR A PARTICULAR PURPOSE AND NONINFRINGEMENT. IN NO EVENT SHALL THE\nAUTHORS OR COPYRIGHT HOLDERS BE LIABLE FOR ANY CLAIM, DAMAGES OR OTHER\nLIABILITY, WHETHER IN AN ACTION OF CONTRACT, TORT OR OTHERWISE, ARISING FROM,\nOUT OF OR IN CONNECTION WITH THE SOFTWARE OR THE USE OR OTHER DEALINGS IN\nTHE SOFTWARE.
		$3.IncludeInNewFiles = True
		$0.NameConventionPolicy = $4
		$4.Rules = $5
		$5.NamingRule = $25
		$6.Name = Namespaces
		$6.AffectedEntity = Namespace
		$6.VisibilityMask = VisibilityMask
		$6.NamingStyle = PascalCase
		$6.IncludeInstanceMembers = True
		$6.IncludeStaticEntities = True
		$7.Name = Types
		$7.AffectedEntity = Class, Struct, Enum, Delegate
		$7.VisibilityMask = Public
		$7.NamingStyle = PascalCase
		$7.IncludeInstanceMembers = True
		$7.IncludeStaticEntities = True
		$8.Name = Interfaces
		$8.RequiredPrefixes = $9
		$9.String = I
		$8.AffectedEntity = Interface
		$8.VisibilityMask = Public
		$8.NamingStyle = PascalCase
		$8.IncludeInstanceMembers = True
		$8.IncludeStaticEntities = True
		$10.Name = Attributes
		$10.RequiredSuffixes = $11
		$11.String = Attribute
		$10.AffectedEntity = CustomAttributes
		$10.VisibilityMask = Public
		$10.NamingStyle = PascalCase
		$10.IncludeInstanceMembers = True
		$10.IncludeStaticEntities = True
		$12.Name = Event Arguments
		$12.RequiredSuffixes = $13
		$13.String = EventArgs
		$12.AffectedEntity = CustomEventArgs
		$12.VisibilityMask = Public
		$12.NamingStyle = PascalCase
		$12.IncludeInstanceMembers = True
		$12.IncludeStaticEntities = True
		$14.Name = Exceptions
		$14.RequiredSuffixes = $15
		$15.String = Exception
		$14.AffectedEntity = CustomExceptions
		$14.VisibilityMask = VisibilityMask
		$14.NamingStyle = PascalCase
		$14.IncludeInstanceMembers = True
		$14.IncludeStaticEntities = True
		$16.Name = Methods
		$16.AffectedEntity = Methods
		$16.VisibilityMask = Protected, Public
		$16.NamingStyle = PascalCase
		$16.IncludeInstanceMembers = True
		$16.IncludeStaticEntities = True
		$17.Name = Static Readonly Fields
		$17.AffectedEntity = ReadonlyField
		$17.VisibilityMask = Protected, Public
		$17.NamingStyle = PascalCase
		$17.IncludeInstanceMembers = False
		$17.IncludeStaticEntities = True
		$18.Name = Fields
		$18.AffectedEntity = Field
		$18.VisibilityMask = Protected, Public
		$18.NamingStyle = PascalCase
		$18.IncludeInstanceMembers = True
		$18.IncludeStaticEntities = True
		$19.Name = ReadOnly Fields
		$19.AffectedEntity = ReadonlyField
		$19.VisibilityMask = Protected, Public
		$19.NamingStyle = PascalCase
		$19.IncludeInstanceMembers = True
		$19.IncludeStaticEntities = False
		$20.Name = Constant Fields
		$20.AffectedEntity = ConstantField
		$20.VisibilityMask = Protected, Public
		$20.NamingStyle = PascalCase
		$20.IncludeInstanceMembers = True
		$20.IncludeStaticEntities = True
		$21.Name = Properties
		$21.AffectedEntity = Property
		$21.VisibilityMask = Protected, Public
		$21.NamingStyle = PascalCase
		$21.IncludeInstanceMembers = True
		$21.IncludeStaticEntities = True
		$22.Name = Events
		$22.AffectedEntity = Event
		$22.VisibilityMask = Protected, Public
		$22.NamingStyle = PascalCase
		$22.IncludeInstanceMembers = True
		$22.IncludeStaticEntities = True
		$23.Name = Enum Members
		$23.AffectedEntity = EnumMember
		$23.VisibilityMask = VisibilityMask
		$23.NamingStyle = PascalCase
		$23.IncludeInstanceMembers = True
		$23.IncludeStaticEntities = True
		$24.Name = Parameters
		$24.AffectedEntity = Parameter
		$24.VisibilityMask = VisibilityMask
		$24.NamingStyle = CamelCase
		$24.IncludeInstanceMembers = True
		$24.IncludeStaticEntities = True
		$25.Name = Type Parameters
		$25.RequiredPrefixes = $26
		$26.String = T
		$25.AffectedEntity = TypeParameter
		$25.VisibilityMask = VisibilityMask
		$25.NamingStyle = PascalCase
		$25.IncludeInstanceMembers = True
		$25.IncludeStaticEntities = True
		$0.VersionControlPolicy = $27
		$27.CommitMessageStyle = $28
		$28.FileSeparator = ", "
		$28.IncludeDirectoryPaths = True
		$27.inheritsSet = Mono
		$0.ChangeLogPolicy = $29
		$29.UpdateMode = None
		$29.MessageStyle = $30
		$30.LineAlign = 0
		$29.inheritsSet = Mono
		$31.FileWidth = 132
		$31.inheritsSet = VisualStudio
		$31.inheritsScope = text/plain
		$31.scope = text/x-csharp
		$0.CSharpFormattingPolicy = $32
		$32.ElseIfNewLinePlacement = SameLine
		$32.AfterDelegateDeclarationParameterComma = True
		$32.inheritsSet = Mono
		$32.inheritsScope = text/x-csharp
		$32.scope = text/x-csharp
		$33.FileWidth = 132
		$33.inheritsSet = VisualStudio
		$33.inheritsScope = text/plain
		$33.scope = text/x-c++src
		$34.FileWidth = 132
		$34.inheritsSet = VisualStudio
		$34.inheritsScope = text/plain
		$34.scope = text/x-chdr
		outputpath = build
	EndGlobalSection
EndGlobal
